
Microsoft Visual Studio Solution File, Format Version 12.00
# Visual Studio Version 17
VisualStudioVersion = 17.6.33815.320
MinimumVisualStudioVersion = 10.0.40219.1
Project("{FAE04EC0-301F-11D3-BF4B-00C04F79EFBC}") = "BRCreator.RacePlugin", "BRCreator.RacePlugin\BRCreator.RacePlugin.csproj", "{3000EF6D-A4D6-489D-B849-EA00022B80FE}"
EndProject
Global
	GlobalSection(SolutionConfigurationPlatforms) = preSolution
		Debug|Any CPU = Debug|Any CPU
		Release|Any CPU = Release|Any CPU
	EndGlobalSection
	GlobalSection(ProjectConfigurationPlatforms) = postSolution
		{3000EF6D-A4D6-489D-B849-EA00022B80FE}.Debug|Any CPU.ActiveCfg = Debug|Any CPU
		{3000EF6D-A4D6-489D-B849-EA00022B80FE}.Debug|Any CPU.Build.0 = Debug|Any CPU
		{3000EF6D-A4D6-489D-B849-EA00022B80FE}.Release|Any CPU.ActiveCfg = Release|Any CPU
		{3000EF6D-A4D6-489D-B849-EA00022B80FE}.Release|Any CPU.Build.0 = Release|Any CPU
	EndGlobalSection
	GlobalSection(SolutionProperties) = preSolution
		HideSolutionNode = FALSE
	EndGlobalSection
	GlobalSection(ExtensibilityGlobals) = postSolution
		SolutionGuid = {23584B0A-7504-455D-83EF-5301749841A7}
	EndGlobalSection
EndGlobal
